
Microsoft Visual Studio Solution File, Format Version 12.00
# Visual Studio 15
VisualStudioVersion = 15.0.28010.2041
MinimumVisualStudioVersion = 10.0.40219.1
Project("{FAE04EC0-301F-11D3-BF4B-00C04F79EFBC}") = "PersonalPortfolio", "PersonalPortfolio\PersonalPortfolio.csproj", "{9C884435-63B8-4A25-8248-48C7D189AC54}"
EndProject
Global
	GlobalSection(SolutionConfigurationPlatforms) = preSolution
		Debug|Any CPU = Debug|Any CPU
		Release|Any CPU = Release|Any CPU
	EndGlobalSection
	GlobalSection(ProjectConfigurationPlatforms) = postSolution
		{9C884435-63B8-4A25-8248-48C7D189AC54}.Debug|Any CPU.ActiveCfg = Debug|Any CPU
		{9C884435-63B8-4A25-8248-48C7D189AC54}.Debug|Any CPU.Build.0 = Debug|Any CPU
		{9C884435-63B8-4A25-8248-48C7D189AC54}.Release|Any CPU.ActiveCfg = Release|Any CPU
		{9C884435-63B8-4A25-8248-48C7D189AC54}.Release|Any CPU.Build.0 = Release|Any CPU
	EndGlobalSection
	GlobalSection(SolutionProperties) = preSolution
		HideSolutionNode = FALSE
	EndGlobalSection
	GlobalSection(ExtensibilityGlobals) = postSolution
		SolutionGuid = {B0E993B2-5069-4367-B459-C26352CC035C}
	EndGlobalSection
EndGlobal
